<?xml version="1.0" encoding="utf-8"?>
<Project ToolsVersion="4.0" xmlns="http://schemas.microsoft.com/developer/msbuild/2003">
  <ItemGroup>
    <ClCompile Include="Application.cpp" />
    <ClCompile Include="log.cpp" />
    <ClCompile Include="Main.cpp" />
    <ClCompile Include="ModuleInput.cpp" />
    <ClCompile Include="ModuleRender.cpp" />
    <ClCompile Include="ModuleWindow.cpp" />
    <ClCompile Include="ModuleEditor.cpp" />
    <ClCompile Include="imgui\imgui.cpp">
      <Filter>ImGui</Filter>
    </ClCompile>
    <ClCompile Include="imgui\imgui_demo.cpp">
      <Filter>ImGui</Filter>
    </ClCompile>
    <ClCompile Include="imgui\imgui_draw.cpp">
      <Filter>ImGui</Filter>
    </ClCompile>
    <ClCompile Include="imgui\imgui_impl_opengl3.cpp">
      <Filter>ImGui</Filter>
    </ClCompile>
    <ClCompile Include="imgui\imgui_impl_sdl.cpp">
      <Filter>ImGui</Filter>
    </ClCompile>
    <ClCompile Include="imgui\imgui_tables.cpp">
      <Filter>ImGui</Filter>
    </ClCompile>
    <ClCompile Include="imgui\imgui_widgets.cpp">
      <Filter>ImGui</Filter>
    </ClCompile>
    <ClCompile Include="MathGeoLib\Algorithm\GJK.cpp">
      <Filter>MathGeoLib</Filter>
    </ClCompile>
    <ClCompile Include="MathGeoLib\Algorithm\GJK2D.cpp">
      <Filter>MathGeoLib</Filter>
    </ClCompile>
    <ClCompile Include="MathGeoLib\Algorithm\Random\LCG.cpp">
      <Filter>MathGeoLib</Filter>
    </ClCompile>
    <ClCompile Include="MathGeoLib\Algorithm\SAT.cpp">
      <Filter>MathGeoLib</Filter>
    </ClCompile>
    <ClCompile Include="MathGeoLib\Geometry\AABB.cpp">
      <Filter>MathGeoLib</Filter>
    </ClCompile>
    <ClCompile Include="MathGeoLib\Geometry\Capsule.cpp">
      <Filter>MathGeoLib</Filter>
    </ClCompile>
    <ClCompile Include="MathGeoLib\Geometry\Circle.cpp">
      <Filter>MathGeoLib</Filter>
    </ClCompile>
    <ClCompile Include="MathGeoLib\Geometry\Circle2D.cpp">
      <Filter>MathGeoLib</Filter>
    </ClCompile>
    <ClCompile Include="MathGeoLib\Geometry\Frustum.cpp">
      <Filter>MathGeoLib</Filter>
    </ClCompile>
    <ClCompile Include="MathGeoLib\Geometry\Line.cpp">
      <Filter>MathGeoLib</Filter>
    </ClCompile>
    <ClCompile Include="MathGeoLib\Geometry\LineSegment.cpp">
      <Filter>MathGeoLib</Filter>
    </ClCompile>
    <ClCompile Include="MathGeoLib\Geometry\LineSegment2D.cpp">
      <Filter>MathGeoLib</Filter>
    </ClCompile>
    <ClCompile Include="MathGeoLib\Geometry\OBB.cpp">
      <Filter>MathGeoLib</Filter>
    </ClCompile>
    <ClCompile Include="MathGeoLib\Geometry\PBVolume.cpp">
      <Filter>MathGeoLib</Filter>
    </ClCompile>
    <ClCompile Include="MathGeoLib\Geometry\Plane.cpp">
      <Filter>MathGeoLib</Filter>
    </ClCompile>
    <ClCompile Include="MathGeoLib\Geometry\Polygon.cpp">
      <Filter>MathGeoLib</Filter>
    </ClCompile>
    <ClCompile Include="MathGeoLib\Geometry\Polyhedron.cpp">
      <Filter>MathGeoLib</Filter>
    </ClCompile>
    <ClCompile Include="MathGeoLib\Geometry\Ray.cpp">
      <Filter>MathGeoLib</Filter>
    </ClCompile>
    <ClCompile Include="MathGeoLib\Geometry\Sphere.cpp">
      <Filter>MathGeoLib</Filter>
    </ClCompile>
    <ClCompile Include="MathGeoLib\Geometry\Triangle.cpp">
      <Filter>MathGeoLib</Filter>
    </ClCompile>
    <ClCompile Include="MathGeoLib\Geometry\Triangle2D.cpp">
      <Filter>MathGeoLib</Filter>
    </ClCompile>
    <ClCompile Include="MathGeoLib\Geometry\TriangleMesh.cpp">
      <Filter>MathGeoLib</Filter>
    </ClCompile>
    <ClCompile Include="MathGeoLib\Math\BitOps.cpp">
      <Filter>MathGeoLib</Filter>
    </ClCompile>
    <ClCompile Include="MathGeoLib\Math\Callstack.cpp">
      <Filter>MathGeoLib</Filter>
    </ClCompile>
    <ClCompile Include="MathGeoLib\Math\float2.cpp">
      <Filter>MathGeoLib</Filter>
    </ClCompile>
    <ClCompile Include="MathGeoLib\Math\float3.cpp">
      <Filter>MathGeoLib</Filter>
    </ClCompile>
    <ClCompile Include="MathGeoLib\Math\float3x3.cpp">
      <Filter>MathGeoLib</Filter>
    </ClCompile>
    <ClCompile Include="MathGeoLib\Math\float3x4.cpp">
      <Filter>MathGeoLib</Filter>
    </ClCompile>
    <ClCompile Include="MathGeoLib\Math\float4.cpp">
      <Filter>MathGeoLib</Filter>
    </ClCompile>
    <ClCompile Include="MathGeoLib\Math\float4d.cpp">
      <Filter>MathGeoLib</Filter>
    </ClCompile>
    <ClCompile Include="MathGeoLib\Math\float4x4.cpp">
      <Filter>MathGeoLib</Filter>
    </ClCompile>
    <ClCompile Include="MathGeoLib\Math\grisu3.c">
      <Filter>MathGeoLib</Filter>
    </ClCompile>
    <ClCompile Include="MathGeoLib\Math\grisu3_cpp.cpp">
      <Filter>MathGeoLib</Filter>
    </ClCompile>
    <ClCompile Include="MathGeoLib\Math\MathFunc.cpp">
      <Filter>MathGeoLib</Filter>
    </ClCompile>
    <ClCompile Include="MathGeoLib\Math\MathLog.cpp">
      <Filter>MathGeoLib</Filter>
    </ClCompile>
    <ClCompile Include="MathGeoLib\Math\MathOps.cpp">
      <Filter>MathGeoLib</Filter>
    </ClCompile>
    <ClCompile Include="MathGeoLib\Math\MiniFloat.cpp">
      <Filter>MathGeoLib</Filter>
    </ClCompile>
    <ClCompile Include="MathGeoLib\Math\Polynomial.cpp">
      <Filter>MathGeoLib</Filter>
    </ClCompile>
    <ClCompile Include="MathGeoLib\Math\Quat.cpp">
      <Filter>MathGeoLib</Filter>
    </ClCompile>
    <ClCompile Include="MathGeoLib\Math\SSEMath.cpp">
      <Filter>MathGeoLib</Filter>
    </ClCompile>
    <ClCompile Include="MathGeoLib\Math\TransformOps.cpp">
      <Filter>MathGeoLib</Filter>
    </ClCompile>
    <ClCompile Include="MathGeoLib\Time\Clock.cpp">
      <Filter>MathGeoLib</Filter>
    </ClCompile>
    <ClCompile Include="ModuleCamera.cpp" />
    <ClCompile Include="Timer.cpp" />
    <ClCompile Include="DebugDraw\ModuleDebugDraw.cpp">
      <Filter>DebugDraw</Filter>
    </ClCompile>
    <ClCompile Include="ModelManager.cpp" />
    <ClCompile Include="ModuleTexture.cpp" />
    <ClCompile Include="ModuleModel.cpp" />
    <ClCompile Include="ModuleShader.cpp" />
  </ItemGroup>
  <ItemGroup>
    <ClInclude Include="Application.h" />
    <ClInclude Include="Dummy.h" />
    <ClInclude Include="Globals.h" />
    <ClInclude Include="Module.h" />
    <ClInclude Include="ModuleInput.h" />
    <ClInclude Include="ModuleRender.h" />
    <ClInclude Include="ModuleWindow.h" />
    <ClInclude Include="ModuleEditor.h" />
    <ClInclude Include="imgui\imconfig.h">
      <Filter>ImGui</Filter>
    </ClInclude>
    <ClInclude Include="imgui\imgui.h">
      <Filter>ImGui</Filter>
    </ClInclude>
    <ClInclude Include="imgui\imgui_impl_opengl3.h">
      <Filter>ImGui</Filter>
    </ClInclude>
    <ClInclude Include="imgui\imgui_impl_opengl3_loader.h">
      <Filter>ImGui</Filter>
    </ClInclude>
    <ClInclude Include="imgui\imgui_impl_sdl.h">
      <Filter>ImGui</Filter>
    </ClInclude>
    <ClInclude Include="imgui\imgui_internal.h">
      <Filter>ImGui</Filter>
    </ClInclude>
    <ClInclude Include="imgui\imstb_rectpack.h">
      <Filter>ImGui</Filter>
    </ClInclude>
    <ClInclude Include="imgui\imstb_textedit.h">
      <Filter>ImGui</Filter>
    </ClInclude>
    <ClInclude Include="imgui\imstb_truetype.h">
      <Filter>ImGui</Filter>
    </ClInclude>
    <ClInclude Include="MathGeoLib\Algorithm\GJK.h">
      <Filter>MathGeoLib</Filter>
    </ClInclude>
    <ClInclude Include="MathGeoLib\Algorithm\GJK2D.h">
      <Filter>MathGeoLib</Filter>
    </ClInclude>
    <ClInclude Include="MathGeoLib\Algorithm\Random\LCG.h">
      <Filter>MathGeoLib</Filter>
    </ClInclude>
    <ClInclude Include="MathGeoLib\Algorithm\SAT.h">
      <Filter>MathGeoLib</Filter>
    </ClInclude>
    <ClInclude Include="MathGeoLib\Geometry\AABB.h">
      <Filter>MathGeoLib</Filter>
    </ClInclude>
    <ClInclude Include="MathGeoLib\Geometry\AABB2D.h">
      <Filter>MathGeoLib</Filter>
    </ClInclude>
    <ClInclude Include="MathGeoLib\Geometry\Capsule.h">
      <Filter>MathGeoLib</Filter>
    </ClInclude>
    <ClInclude Include="MathGeoLib\Geometry\Circle.h">
      <Filter>MathGeoLib</Filter>
    </ClInclude>
    <ClInclude Include="MathGeoLib\Geometry\Circle2D.h">
      <Filter>MathGeoLib</Filter>
    </ClInclude>
    <ClInclude Include="MathGeoLib\Geometry\Frustum.h">
      <Filter>MathGeoLib</Filter>
    </ClInclude>
    <ClInclude Include="MathGeoLib\Geometry\GeometryAll.h">
      <Filter>MathGeoLib</Filter>
    </ClInclude>
    <ClInclude Include="MathGeoLib\Geometry\GeomType.h">
      <Filter>MathGeoLib</Filter>
    </ClInclude>
    <ClInclude Include="MathGeoLib\Geometry\HitInfo.h">
      <Filter>MathGeoLib</Filter>
    </ClInclude>
    <ClInclude Include="MathGeoLib\Geometry\KDTree.h">
      <Filter>MathGeoLib</Filter>
    </ClInclude>
    <ClInclude Include="MathGeoLib\Geometry\Line.h">
      <Filter>MathGeoLib</Filter>
    </ClInclude>
    <ClInclude Include="MathGeoLib\Geometry\LineSegment.h">
      <Filter>MathGeoLib</Filter>
    </ClInclude>
    <ClInclude Include="MathGeoLib\Geometry\LineSegment2D.h">
      <Filter>MathGeoLib</Filter>
    </ClInclude>
    <ClInclude Include="MathGeoLib\Geometry\OBB.h">
      <Filter>MathGeoLib</Filter>
    </ClInclude>
    <ClInclude Include="MathGeoLib\Geometry\OBB2D.h">
      <Filter>MathGeoLib</Filter>
    </ClInclude>
    <ClInclude Include="MathGeoLib\Geometry\PBVolume.h">
      <Filter>MathGeoLib</Filter>
    </ClInclude>
    <ClInclude Include="MathGeoLib\Geometry\Plane.h">
      <Filter>MathGeoLib</Filter>
    </ClInclude>
    <ClInclude Include="MathGeoLib\Geometry\Polygon.h">
      <Filter>MathGeoLib</Filter>
    </ClInclude>
    <ClInclude Include="MathGeoLib\Geometry\Polygon2DRef.h">
      <Filter>MathGeoLib</Filter>
    </ClInclude>
    <ClInclude Include="MathGeoLib\Geometry\Polyhedron.h">
      <Filter>MathGeoLib</Filter>
    </ClInclude>
    <ClInclude Include="MathGeoLib\Geometry\QuadTree.h">
      <Filter>MathGeoLib</Filter>
    </ClInclude>
    <ClInclude Include="MathGeoLib\Geometry\Ray.h">
      <Filter>MathGeoLib</Filter>
    </ClInclude>
    <ClInclude Include="MathGeoLib\Geometry\Sphere.h">
      <Filter>MathGeoLib</Filter>
    </ClInclude>
    <ClInclude Include="MathGeoLib\Geometry\Triangle.h">
      <Filter>MathGeoLib</Filter>
    </ClInclude>
    <ClInclude Include="MathGeoLib\Geometry\Triangle2D.h">
      <Filter>MathGeoLib</Filter>
    </ClInclude>
    <ClInclude Include="MathGeoLib\Geometry\TriangleMesh.h">
      <Filter>MathGeoLib</Filter>
    </ClInclude>
    <ClInclude Include="MathGeoLib\Math\assume.h">
      <Filter>MathGeoLib</Filter>
    </ClInclude>
    <ClInclude Include="MathGeoLib\Math\BitFuncs.h">
      <Filter>MathGeoLib</Filter>
    </ClInclude>
    <ClInclude Include="MathGeoLib\Math\BitOps.h">
      <Filter>MathGeoLib</Filter>
    </ClInclude>
    <ClInclude Include="MathGeoLib\Math\Callstack.h">
      <Filter>MathGeoLib</Filter>
    </ClInclude>
    <ClInclude Include="MathGeoLib\Math\FixedPoint.h">
      <Filter>MathGeoLib</Filter>
    </ClInclude>
    <ClInclude Include="MathGeoLib\Math\float2.h">
      <Filter>MathGeoLib</Filter>
    </ClInclude>
    <ClInclude Include="MathGeoLib\Math\float3.h">
      <Filter>MathGeoLib</Filter>
    </ClInclude>
    <ClInclude Include="MathGeoLib\Math\float3x3.h">
      <Filter>MathGeoLib</Filter>
    </ClInclude>
    <ClInclude Include="MathGeoLib\Math\float3x4.h">
      <Filter>MathGeoLib</Filter>
    </ClInclude>
    <ClInclude Include="MathGeoLib\Math\float4.h">
      <Filter>MathGeoLib</Filter>
    </ClInclude>
    <ClInclude Include="MathGeoLib\Math\float4d.h">
      <Filter>MathGeoLib</Filter>
    </ClInclude>
    <ClInclude Include="MathGeoLib\Math\float4x4.h">
      <Filter>MathGeoLib</Filter>
    </ClInclude>
    <ClInclude Include="MathGeoLib\Math\float4x4_neon.h">
      <Filter>MathGeoLib</Filter>
    </ClInclude>
    <ClInclude Include="MathGeoLib\Math\float4x4_sse.h">
      <Filter>MathGeoLib</Filter>
    </ClInclude>
    <ClInclude Include="MathGeoLib\Math\float4_neon.h">
      <Filter>MathGeoLib</Filter>
    </ClInclude>
    <ClInclude Include="MathGeoLib\Math\float4_sse.h">
      <Filter>MathGeoLib</Filter>
    </ClInclude>
    <ClInclude Include="MathGeoLib\Math\FloatCmp.h">
      <Filter>MathGeoLib</Filter>
    </ClInclude>
    <ClInclude Include="MathGeoLib\Math\grisu3.h">
      <Filter>MathGeoLib</Filter>
    </ClInclude>
    <ClInclude Include="MathGeoLib\Math\InclWindows.h">
      <Filter>MathGeoLib</Filter>
    </ClInclude>
    <ClInclude Include="MathGeoLib\Math\Interpolate.h">
      <Filter>MathGeoLib</Filter>
    </ClInclude>
    <ClInclude Include="MathGeoLib\Math\MathAll.h">
      <Filter>MathGeoLib</Filter>
    </ClInclude>
    <ClInclude Include="MathGeoLib\Math\MathConstants.h">
      <Filter>MathGeoLib</Filter>
    </ClInclude>
    <ClInclude Include="MathGeoLib\Math\MathFunc.h">
      <Filter>MathGeoLib</Filter>
    </ClInclude>
    <ClInclude Include="MathGeoLib\Math\MathLog.h">
      <Filter>MathGeoLib</Filter>
    </ClInclude>
    <ClInclude Include="MathGeoLib\Math\MathNamespace.h">
      <Filter>MathGeoLib</Filter>
    </ClInclude>
    <ClInclude Include="MathGeoLib\Math\MathTypes.h">
      <Filter>MathGeoLib</Filter>
    </ClInclude>
    <ClInclude Include="MathGeoLib\Math\MatrixProxy.h">
      <Filter>MathGeoLib</Filter>
    </ClInclude>
    <ClInclude Include="MathGeoLib\Math\MiniFloat.h">
      <Filter>MathGeoLib</Filter>
    </ClInclude>
    <ClInclude Include="MathGeoLib\Math\MultiLineMacro.h">
      <Filter>MathGeoLib</Filter>
    </ClInclude>
    <ClInclude Include="MathGeoLib\Math\myassert.h">
      <Filter>MathGeoLib</Filter>
    </ClInclude>
    <ClInclude Include="MathGeoLib\Math\Polynomial.h">
      <Filter>MathGeoLib</Filter>
    </ClInclude>
    <ClInclude Include="MathGeoLib\Math\Quat.h">
      <Filter>MathGeoLib</Filter>
    </ClInclude>
    <ClInclude Include="MathGeoLib\Math\quat_simd.h">
      <Filter>MathGeoLib</Filter>
    </ClInclude>
    <ClInclude Include="MathGeoLib\Math\Rect.h">
      <Filter>MathGeoLib</Filter>
    </ClInclude>
    <ClInclude Include="MathGeoLib\Math\Reinterpret.h">
      <Filter>MathGeoLib</Filter>
    </ClInclude>
    <ClInclude Include="MathGeoLib\Math\simd.h">
      <Filter>MathGeoLib</Filter>
    </ClInclude>
    <ClInclude Include="MathGeoLib\Math\SSEMath.h">
      <Filter>MathGeoLib</Filter>
    </ClInclude>
    <ClInclude Include="MathGeoLib\Math\sse_mathfun.h">
      <Filter>MathGeoLib</Filter>
    </ClInclude>
    <ClInclude Include="MathGeoLib\Math\Swap.h">
      <Filter>MathGeoLib</Filter>
    </ClInclude>
    <ClInclude Include="MathGeoLib\Math\TransformOps.h">
      <Filter>MathGeoLib</Filter>
    </ClInclude>
    <ClInclude Include="MathGeoLib\Math\vec2d.h">
      <Filter>MathGeoLib</Filter>
    </ClInclude>
    <ClInclude Include="MathGeoLib\Time\Clock.h">
      <Filter>MathGeoLib</Filter>
    </ClInclude>
    <ClInclude Include="MathGeoLib\MathBuildConfig.h">
      <Filter>MathGeoLib</Filter>
    </ClInclude>
    <ClInclude Include="MathGeoLib\MathGeoLib.h">
      <Filter>MathGeoLib</Filter>
    </ClInclude>
    <ClInclude Include="MathGeoLib\MathGeoLibFwd.h">
      <Filter>MathGeoLib</Filter>
    </ClInclude>
    <ClInclude Include="ModuleCamera.h" />
    <ClInclude Include="DevIL\include\IL\devil_internal_exports.h">
      <Filter>DevIL</Filter>
    </ClInclude>
    <ClInclude Include="DevIL\include\IL\il.h">
      <Filter>DevIL</Filter>
    </ClInclude>
    <ClInclude Include="DevIL\include\IL\il_wrap.h">
      <Filter>DevIL</Filter>
    </ClInclude>
    <ClInclude Include="DevIL\include\IL\ilu.h">
      <Filter>DevIL</Filter>
    </ClInclude>
    <ClInclude Include="DevIL\include\IL\ilu_region.h">
      <Filter>DevIL</Filter>
    </ClInclude>
    <ClInclude Include="DevIL\include\IL\ilut.h">
      <Filter>DevIL</Filter>
    </ClInclude>
    <ClInclude Include="DevIL\include\IL\ilut_config.h">
      <Filter>DevIL</Filter>
    </ClInclude>
    <ClInclude Include="DevIL\include\IL\devil_cpp_wrapper.hpp">
      <Filter>DevIL</Filter>
    </ClInclude>
    <ClInclude Include="Timer.h" />
    <ClInclude Include="Assimp\include\assimp\aabb.h">
      <Filter>Assimp</Filter>
    </ClInclude>
    <ClInclude Include="Assimp\include\assimp\ai_assert.h">
      <Filter>Assimp</Filter>
    </ClInclude>
    <ClInclude Include="Assimp\include\assimp\anim.h">
      <Filter>Assimp</Filter>
    </ClInclude>
    <ClInclude Include="Assimp\include\assimp\BaseImporter.h">
      <Filter>Assimp</Filter>
    </ClInclude>
    <ClInclude Include="Assimp\include\assimp\Bitmap.h">
      <Filter>Assimp</Filter>
    </ClInclude>
    <ClInclude Include="Assimp\include\assimp\BlobIOSystem.h">
      <Filter>Assimp</Filter>
    </ClInclude>
    <ClInclude Include="Assimp\include\assimp\ByteSwapper.h">
      <Filter>Assimp</Filter>
    </ClInclude>
    <ClInclude Include="Assimp\include\assimp\camera.h">
      <Filter>Assimp</Filter>
    </ClInclude>
    <ClInclude Include="Assimp\include\assimp\cexport.h">
      <Filter>Assimp</Filter>
    </ClInclude>
    <ClInclude Include="Assimp\include\assimp\cfileio.h">
      <Filter>Assimp</Filter>
    </ClInclude>
    <ClInclude Include="Assimp\include\assimp\cimport.h">
      <Filter>Assimp</Filter>
    </ClInclude>
    <ClInclude Include="Assimp\include\assimp\color4.h">
      <Filter>Assimp</Filter>
    </ClInclude>
    <ClInclude Include="Assimp\include\assimp\Compiler\poppack1.h">
      <Filter>Assimp</Filter>
    </ClInclude>
    <ClInclude Include="Assimp\include\assimp\Compiler\pstdint.h">
      <Filter>Assimp</Filter>
    </ClInclude>
    <ClInclude Include="Assimp\include\assimp\Compiler\pushpack1.h">
      <Filter>Assimp</Filter>
    </ClInclude>
    <ClInclude Include="Assimp\include\assimp\config.h">
      <Filter>Assimp</Filter>
    </ClInclude>
    <ClInclude Include="Assimp\include\assimp\CreateAnimMesh.h">
      <Filter>Assimp</Filter>
    </ClInclude>
    <ClInclude Include="Assimp\include\assimp\DefaultIOStream.h">
      <Filter>Assimp</Filter>
    </ClInclude>
    <ClInclude Include="Assimp\include\assimp\DefaultIOSystem.h">
      <Filter>Assimp</Filter>
    </ClInclude>
    <ClInclude Include="Assimp\include\assimp\DefaultLogger.hpp">
      <Filter>Assimp</Filter>
    </ClInclude>
    <ClInclude Include="Assimp\include\assimp\Defines.h">
      <Filter>Assimp</Filter>
    </ClInclude>
    <ClInclude Include="Assimp\include\assimp\defs.h">
      <Filter>Assimp</Filter>
    </ClInclude>
    <ClInclude Include="Assimp\include\assimp\Exceptional.h">
      <Filter>Assimp</Filter>
    </ClInclude>
    <ClInclude Include="Assimp\include\assimp\Exporter.hpp">
      <Filter>Assimp</Filter>
    </ClInclude>
    <ClInclude Include="Assimp\include\assimp\fast_atof.h">
      <Filter>Assimp</Filter>
    </ClInclude>
    <ClInclude Include="Assimp\include\assimp\GenericProperty.h">
      <Filter>Assimp</Filter>
    </ClInclude>
    <ClInclude Include="Assimp\include\assimp\Hash.h">
      <Filter>Assimp</Filter>
    </ClInclude>
    <ClInclude Include="Assimp\include\assimp\Importer.hpp">
      <Filter>Assimp</Filter>
    </ClInclude>
    <ClInclude Include="Assimp\include\assimp\importerdesc.h">
      <Filter>Assimp</Filter>
    </ClInclude>
    <ClInclude Include="Assimp\include\assimp\IOStream.hpp">
      <Filter>Assimp</Filter>
    </ClInclude>
    <ClInclude Include="Assimp\include\assimp\IOStreamBuffer.h">
      <Filter>Assimp</Filter>
    </ClInclude>
    <ClInclude Include="Assimp\include\assimp\IOSystem.hpp">
      <Filter>Assimp</Filter>
    </ClInclude>
    <ClInclude Include="Assimp\include\assimp\irrXMLWrapper.h">
      <Filter>Assimp</Filter>
    </ClInclude>
    <ClInclude Include="Assimp\include\assimp\light.h">
      <Filter>Assimp</Filter>
    </ClInclude>
    <ClInclude Include="Assimp\include\assimp\LineSplitter.h">
      <Filter>Assimp</Filter>
    </ClInclude>
    <ClInclude Include="Assimp\include\assimp\LogAux.h">
      <Filter>Assimp</Filter>
    </ClInclude>
    <ClInclude Include="Assimp\include\assimp\Logger.hpp">
      <Filter>Assimp</Filter>
    </ClInclude>
    <ClInclude Include="Assimp\include\assimp\LogStream.hpp">
      <Filter>Assimp</Filter>
    </ClInclude>
    <ClInclude Include="Assimp\include\assimp\Macros.h">
      <Filter>Assimp</Filter>
    </ClInclude>
    <ClInclude Include="Assimp\include\assimp\material.h">
      <Filter>Assimp</Filter>
    </ClInclude>
    <ClInclude Include="Assimp\include\assimp\MathFunctions.h">
      <Filter>Assimp</Filter>
    </ClInclude>
    <ClInclude Include="Assimp\include\assimp\matrix3x3.h">
      <Filter>Assimp</Filter>
    </ClInclude>
    <ClInclude Include="Assimp\include\assimp\matrix4x4.h">
      <Filter>Assimp</Filter>
    </ClInclude>
    <ClInclude Include="Assimp\include\assimp\MemoryIOWrapper.h">
      <Filter>Assimp</Filter>
    </ClInclude>
    <ClInclude Include="Assimp\include\assimp\mesh.h">
      <Filter>Assimp</Filter>
    </ClInclude>
    <ClInclude Include="Assimp\include\assimp\metadata.h">
      <Filter>Assimp</Filter>
    </ClInclude>
    <ClInclude Include="Assimp\include\assimp\NullLogger.hpp">
      <Filter>Assimp</Filter>
    </ClInclude>
    <ClInclude Include="Assimp\include\assimp\ParsingUtils.h">
      <Filter>Assimp</Filter>
    </ClInclude>
    <ClInclude Include="Assimp\include\assimp\pbrmaterial.h">
      <Filter>Assimp</Filter>
    </ClInclude>
    <ClInclude Include="Assimp\include\assimp\port\AndroidJNI\AndroidJNIIOSystem.h">
      <Filter>Assimp</Filter>
    </ClInclude>
    <ClInclude Include="Assimp\include\assimp\postprocess.h">
      <Filter>Assimp</Filter>
    </ClInclude>
    <ClInclude Include="Assimp\include\assimp\Profiler.h">
      <Filter>Assimp</Filter>
    </ClInclude>
    <ClInclude Include="Assimp\include\assimp\ProgressHandler.hpp">
      <Filter>Assimp</Filter>
    </ClInclude>
    <ClInclude Include="Assimp\include\assimp\qnan.h">
      <Filter>Assimp</Filter>
    </ClInclude>
    <ClInclude Include="Assimp\include\assimp\quaternion.h">
      <Filter>Assimp</Filter>
    </ClInclude>
    <ClInclude Include="Assimp\include\assimp\RemoveComments.h">
      <Filter>Assimp</Filter>
    </ClInclude>
    <ClInclude Include="Assimp\include\assimp\scene.h">
      <Filter>Assimp</Filter>
    </ClInclude>
    <ClInclude Include="Assimp\include\assimp\SceneCombiner.h">
      <Filter>Assimp</Filter>
    </ClInclude>
    <ClInclude Include="Assimp\include\assimp\SGSpatialSort.h">
      <Filter>Assimp</Filter>
    </ClInclude>
    <ClInclude Include="Assimp\include\assimp\SkeletonMeshBuilder.h">
      <Filter>Assimp</Filter>
    </ClInclude>
    <ClInclude Include="Assimp\include\assimp\SmoothingGroups.h">
      <Filter>Assimp</Filter>
    </ClInclude>
    <ClInclude Include="Assimp\include\assimp\SpatialSort.h">
      <Filter>Assimp</Filter>
    </ClInclude>
    <ClInclude Include="Assimp\include\assimp\StandardShapes.h">
      <Filter>Assimp</Filter>
    </ClInclude>
    <ClInclude Include="Assimp\include\assimp\StreamReader.h">
      <Filter>Assimp</Filter>
    </ClInclude>
    <ClInclude Include="Assimp\include\assimp\StreamWriter.h">
      <Filter>Assimp</Filter>
    </ClInclude>
    <ClInclude Include="Assimp\include\assimp\StringComparison.h">
      <Filter>Assimp</Filter>
    </ClInclude>
    <ClInclude Include="Assimp\include\assimp\StringUtils.h">
      <Filter>Assimp</Filter>
    </ClInclude>
    <ClInclude Include="Assimp\include\assimp\Subdivision.h">
      <Filter>Assimp</Filter>
    </ClInclude>
    <ClInclude Include="Assimp\include\assimp\texture.h">
      <Filter>Assimp</Filter>
    </ClInclude>
    <ClInclude Include="Assimp\include\assimp\TinyFormatter.h">
      <Filter>Assimp</Filter>
    </ClInclude>
    <ClInclude Include="Assimp\include\assimp\types.h">
      <Filter>Assimp</Filter>
    </ClInclude>
    <ClInclude Include="Assimp\include\assimp\vector2.h">
      <Filter>Assimp</Filter>
    </ClInclude>
    <ClInclude Include="Assimp\include\assimp\vector3.h">
      <Filter>Assimp</Filter>
    </ClInclude>
    <ClInclude Include="Assimp\include\assimp\version.h">
      <Filter>Assimp</Filter>
    </ClInclude>
    <ClInclude Include="Assimp\include\assimp\Vertex.h">
      <Filter>Assimp</Filter>
    </ClInclude>
    <ClInclude Include="Assimp\include\assimp\XMLTools.h">
      <Filter>Assimp</Filter>
    </ClInclude>
    <ClInclude Include="Assimp\include\assimp\ZipArchiveIOSystem.h">
      <Filter>Assimp</Filter>
    </ClInclude>
    <ClInclude Include="..\..\..\..\..\..\Desktop\debug_draw.hpp">
      <Filter>DebugDraw</Filter>
    </ClInclude>
    <ClInclude Include="..\..\..\..\..\..\Desktop\debugdraw.h">
      <Filter>DebugDraw</Filter>
    </ClInclude>
    <ClInclude Include="DebugDraw\ModuleDebugDraw.h">
      <Filter>DebugDraw</Filter>
    </ClInclude>
    <ClInclude Include="ModelManager.h" />
    <ClInclude Include="ModuleTexture.h" />
    <ClInclude Include="ModuleModel.h" />
    <ClInclude Include="ModuleShader.h" />
  </ItemGroup>
  <ItemGroup>
    <Filter Include="ImGui">
      <UniqueIdentifier>{06fe0cb6-56c3-4fc3-9d64-ef4c21c4133d}</UniqueIdentifier>
    </Filter>
    <Filter Include="MathGeoLib">
      <UniqueIdentifier>{c5ba8a7c-b770-4af3-b4eb-074eb9777257}</UniqueIdentifier>
    </Filter>
    <Filter Include="DevIL">
      <UniqueIdentifier>{d5810e6b-2c62-48a0-afe1-b306f7f1d4f7}</UniqueIdentifier>
    </Filter>
    <Filter Include="Assimp">
      <UniqueIdentifier>{c6cf5669-a3dd-4f0b-8e5b-75b883a192ef}</UniqueIdentifier>
    </Filter>
    <Filter Include="DebugDraw">
      <UniqueIdentifier>{b059b9c9-7ded-434a-80ca-81dcd30c874e}</UniqueIdentifier>
    </Filter>
  </ItemGroup>
  <ItemGroup>
    <None Include="MathGeoLib\Geometry\KDTree.inl">
      <Filter>MathGeoLib</Filter>
    </None>
    <None Include="MathGeoLib\Geometry\QuadTree.inl">
      <Filter>MathGeoLib</Filter>
    </None>
    <None Include="MathGeoLib\Geometry\TriangleMesh_IntersectRay_AVX.inl">
      <Filter>MathGeoLib</Filter>
    </None>
    <None Include="MathGeoLib\Geometry\TriangleMesh_IntersectRay_CPP.inl">
      <Filter>MathGeoLib</Filter>
    </None>
    <None Include="MathGeoLib\Geometry\TriangleMesh_IntersectRay_SSE.inl">
      <Filter>MathGeoLib</Filter>
    </None>
    <None Include="MathGeoLib\Math\float2.inl">
      <Filter>MathGeoLib</Filter>
    </None>
    <None Include="MathGeoLib\Math\Matrix.inl">
      <Filter>MathGeoLib</Filter>
    </None>
    <None Include="Assimp\include\assimp\color4.inl">
      <Filter>Assimp</Filter>
    </None>
    <None Include="Assimp\include\assimp\material.inl">
      <Filter>Assimp</Filter>
    </None>
    <None Include="Assimp\include\assimp\matrix3x3.inl">
      <Filter>Assimp</Filter>
    </None>
    <None Include="Assimp\include\assimp\matrix4x4.inl">
      <Filter>Assimp</Filter>
    </None>
    <None Include="Assimp\include\assimp\quaternion.inl">
      <Filter>Assimp</Filter>
    </None>
    <None Include="Assimp\include\assimp\SmoothingGroups.inl">
      <Filter>Assimp</Filter>
    </None>
    <None Include="Assimp\include\assimp\vector2.inl">
      <Filter>Assimp</Filter>
    </None>
    <None Include="Assimp\include\assimp\vector3.inl">
      <Filter>Assimp</Filter>
    </None>
  </ItemGroup>
</Project>